// !$*UTF8*$!
{
	archiveVersion = 1;
	classes = {
	};
	objectVersion = 77;
	objects = {

/* Begin PBXBuildFile section */
		8699C5AA2FCE280A00973FBE /* Textual in Frameworks */ = {isa = PBXBuildFile; productRef = 8699C5A92FCE280A00973FBE /* Textual */; };
/* End PBXBuildFile section */

/* Begin PBXContainerItemProxy section */
		8699C36E2FC8CB8400973FBE /* PBXContainerItemProxy */ = {
			isa = PBXContainerItemProxy;
			containerPortal = 8699C3582FC8CB8200973FBE /* Project object */;
			proxyType = 1;
			remoteGlobalIDString = 8699C35F2FC8CB8200973FBE;
			remoteInfo = RepoStudio;
		};
		8699C3782FC8CB8400973FBE /* PBXContainerItemProxy */ = {
			isa = PBXContainerItemProxy;
			containerPortal = 8699C3582FC8CB8200973FBE /* Project object */;
			proxyType = 1;
			remoteGlobalIDString = 8699C35F2FC8CB8200973FBE;
			remoteInfo = RepoStudio;
		};
/* End PBXContainerItemProxy section */

/* Begin PBXFileReference section */
		8699C3602FC8CB8200973FBE /* RepoStudio.app */ = {isa = PBXFileReference; explicitFileType = wrapper.application; includeInIndex = 0; path = RepoStudio.app; sourceTree = BUILT_PRODUCTS_DIR; };
		8699C36D2FC8CB8400973FBE /* RepoStudioTests.xctest */ = {isa = PBXFileReference; explicitFileType = wrapper.cfbundle; includeInIndex = 0; path = RepoStudioTests.xctest; sourceTree = BUILT_PRODUCTS_DIR; };
		8699C3772FC8CB8400973FBE /* RepoStudioUITests.xctest */ = {isa = PBXFileReference; explicitFileType = wrapper.cfbundle; includeInIndex = 0; path = RepoStudioUITests.xctest; sourceTree = BUILT_PRODUCTS_DIR; };
/* End PBXFileReference section */

/* Begin PBXFileSystemSynchronizedRootGroup section */
		8699C3622FC8CB8200973FBE /* RepoStudio */ = {
			isa = PBXFileSystemSynchronizedRootGroup;
			path = RepoStudio;
			sourceTree = "<group>";
		};
		8699C3702FC8CB8400973FBE /* RepoStudioTests */ = {
			isa = PBXFileSystemSynchronizedRootGroup;
			path = RepoStudioTests;
			sourceTree = "<group>";
		};
		8699C37A2FC8CB8400973FBE /* RepoStudioUITests */ = {
			isa = PBXFileSystemSynchronizedRootGroup;
			path = RepoStudioUITests;
			sourceTree = "<group>";
		};
/* End PBXFileSystemSynchronizedRootGroup section */

/* Begin PBXFrameworksBuildPhase section */
		8699C35D2FC8CB8200973FBE /* Frameworks */ = {
			isa = PBXFrameworksBuildPhase;
			buildActionMask = 2147483647;
			files = (
				8699C5AA2FCE280A00973FBE /* Textual in Frameworks */,
			);
			runOnlyForDeploymentPostprocessing = 0;
		};
		8699C36A2FC8CB8400973FBE /* Frameworks */ = {
			isa = PBXFrameworksBuildPhase;
			buildActionMask = 2147483647;
			files = (
			);
			runOnlyForDeploymentPostprocessing = 0;
		};
		8699C3742FC8CB8400973FBE /* Frameworks */ = {
			isa = PBXFrameworksBuildPhase;
			buildActionMask = 2147483647;
			files = (
			);
			runOnlyForDeploymentPostprocessing = 0;
		};
/* End PBXFrameworksBuildPhase section */

/* Begin PBXGroup section */
		8699C3572FC8CB8200973FBE = {
			isa = PBXGroup;
			children = (
				8699C3622FC8CB8200973FBE /* RepoStudio */,
				8699C3702FC8CB8400973FBE /* RepoStudioTests */,
				8699C37A2FC8CB8400973FBE /* RepoStudioUITests */,
				8699C5A82FCE280A00973FBE /* Frameworks */,
				8699C3612FC8CB8200973FBE /* Products */,
			);
			sourceTree = "<group>";
		};
		8699C3612FC8CB8200973FBE /* Products */ = {
			isa = PBXGroup;
			children = (
				8699C3602FC8CB8200973FBE /* RepoStudio.app */,
				8699C36D2FC8CB8400973FBE /* RepoStudioTests.xctest */,
				8699C3772FC8CB8400973FBE /* RepoStudioUITests.xctest */,
			);
			name = Products;
			sourceTree = "<group>";
		};
		8699C5A82FCE280A00973FBE /* Frameworks */ = {
			isa = PBXGroup;
			children = (
			);
			name = Frameworks;
			sourceTree = "<group>";
		};
/* End PBXGroup section */

/* Begin PBXNativeTarget section */
		8699C35F2FC8CB8200973FBE /* RepoStudio */ = {
			isa = PBXNativeTarget;
			buildConfigurationList = 8699C3812FC8CB8400973FBE /* Build configuration list for PBXNativeTarget "RepoStudio" */;
			buildPhases = (
				8699C35C2FC8CB8200973FBE /* Sources */,
				8699C35D2FC8CB8200973FBE /* Frameworks */,
				8699C35E2FC8CB8200973FBE /* Resources */,
			);
			buildRules = (
			);
			dependencies = (
			);
			fileSystemSynchronizedGroups = (
				8699C3622FC8CB8200973FBE /* RepoStudio */,
			);
			name = RepoStudio;
			packageProductDependencies = (
				8699C5A92FCE280A00973FBE /* Textual */,
			);
			productName = RepoStudio;
			productReference = 8699C3602FC8CB8200973FBE /* RepoStudio.app */;
			productType = "com.apple.product-type.application";
		};
		8699C36C2FC8CB8400973FBE /* RepoStudioTests */ = {
			isa = PBXNativeTarget;
			buildConfigurationList = 8699C3842FC8CB8400973FBE /* Build configuration list for PBXNativeTarget "RepoStudioTests" */;
			buildPhases = (
				8699C3692FC8CB8400973FBE /* Sources */,
				8699C36A2FC8CB8400973FBE /* Frameworks */,
				8699C36B2FC8CB8400973FBE /* Resources */,
			);
			buildRules = (
			);
			dependencies = (
				8699C36F2FC8CB8400973FBE /* PBXTargetDependency */,
			);
			fileSystemSynchronizedGroups = (
				8699C3702FC8CB8400973FBE /* RepoStudioTests */,
			);
			name = RepoStudioTests;
			packageProductDependencies = (
			);
			productName = RepoStudioTests;
			productReference = 8699C36D2FC8CB8400973FBE /* RepoStudioTests.xctest */;
			productType = "com.apple.product-type.bundle.unit-test";
		};
		8699C3762FC8CB8400973FBE /* RepoStudioUITests */ = {
			isa = PBXNativeTarget;
			buildConfigurationList = 8699C3872FC8CB8400973FBE /* Build configuration list for PBXNativeTarget "RepoStudioUITests" */;
			buildPhases = (
				8699C3732FC8CB8400973FBE /* Sources */,
				8699C3742FC8CB8400973FBE /* Frameworks */,
				8699C3752FC8CB8400973FBE /* Resources */,
			);
			buildRules = (
			);
			dependencies = (
				8699C3792FC8CB8400973FBE /* PBXTargetDependency */,
			);
			fileSystemSynchronizedGroups = (
				8699C37A2FC8CB8400973FBE /* RepoStudioUITests */,
			);
			name = RepoStudioUITests;
			packageProductDependencies = (
			);
			productName = RepoStudioUITests;
			productReference = 8699C3772FC8CB8400973FBE /* RepoStudioUITests.xctest */;
			productType = "com.apple.product-type.bundle.ui-testing";
		};
/* End PBXNativeTarget section */

/* Begin PBXProject section */
		8699C3582FC8CB8200973FBE /* Project object */ = {
			isa = PBXProject;
			attributes = {
				BuildIndependentTargetsInParallel = 1;
				LastSwiftUpdateCheck = 2650;
				LastUpgradeCheck = 2650;
				TargetAttributes = {
					8699C35F2FC8CB8200973FBE = {
						CreatedOnToolsVersion = 26.5;
					};
					8699C36C2FC8CB8400973FBE = {
						CreatedOnToolsVersion = 26.5;
						TestTargetID = 8699C35F2FC8CB8200973FBE;
					};
					8699C3762FC8CB8400973FBE = {
						CreatedOnToolsVersion = 26.5;
						TestTargetID = 8699C35F2FC8CB8200973FBE;
					};
				};
			};
			buildConfigurationList = 8699C35B2FC8CB8200973FBE /* Build configuration list for PBXProject "RepoStudio" */;
			developmentRegion = en;
			hasScannedForEncodings = 0;
			knownRegions = (
				en,
				Base,
			);
			mainGroup = 8699C3572FC8CB8200973FBE;
			minimizedProjectReferenceProxies = 1;
			packageReferences = (
				8699C5A72FCE27E700973FBE /* XCRemoteSwiftPackageReference "textual" */,
			);
			preferredProjectObjectVersion = 77;
			productRefGroup = 8699C3612FC8CB8200973FBE /* Products */;
			projectDirPath = "";
			projectRoot = "";
			targets = (
				8699C35F2FC8CB8200973FBE /* RepoStudio */,
				8699C36C2FC8CB8400973FBE /* RepoStudioTests */,
				8699C3762FC8CB8400973FBE /* RepoStudioUITests */,
			);
		};
/* End PBXProject section */

/* Begin PBXResourcesBuildPhase section */
		8699C35E2FC8CB8200973FBE /* Resources */ = {
			isa = PBXResourcesBuildPhase;
			buildActionMask = 2147483647;
			files = (
			);
			runOnlyForDeploymentPostprocessing = 0;
		};
		8699C36B2FC8CB8400973FBE /* Resources */ = {
			isa = PBXResourcesBuildPhase;
			buildActionMask = 2147483647;
			files = (
			);
			runOnlyForDeploymentPostprocessing = 0;
		};
		8699C3752FC8CB8400973FBE /* Resources */ = {
			isa = PBXResourcesBuildPhase;
			buildActionMask = 2147483647;
			files = (
			);
			runOnlyForDeploymentPostprocessing = 0;
		};
/* End PBXResourcesBuildPhase section */

/* Begin PBXSourcesBuildPhase section */
		8699C35C2FC8CB8200973FBE /* Sources */ = {
			isa = PBXSourcesBuildPhase;
			buildActionMask = 2147483647;
			files = (
			);
			runOnlyForDeploymentPostprocessing = 0;
		};
		8699C3692FC8CB8400973FBE /* Sources */ = {
			isa = PBXSourcesBuildPhase;
			buildActionMask = 2147483647;
			files = (
			);
			runOnlyForDeploymentPostprocessing = 0;
		};
		8699C3732FC8CB8400973FBE /* Sources */ = {
			isa = PBXSourcesBuildPhase;
			buildActionMask = 2147483647;
			files = (
			);
			runOnlyForDeploymentPostprocessing = 0;
		};
/* End PBXSourcesBuildPhase section */

/* Begin PBXTargetDependency section */
		8699C36F2FC8CB8400973FBE /* PBXTargetDependency */ = {
			isa = PBXTargetDependency;
			target = 8699C35F2FC8CB8200973FBE /* RepoStudio */;
			targetProxy = 8699C36E2FC8CB8400973FBE /* PBXContainerItemProxy */;
		};
		8699C3792FC8CB8400973FBE /* PBXTargetDependency */ = {
			isa = PBXTargetDependency;
			target = 8699C35F2FC8CB8200973FBE /* RepoStudio */;
			targetProxy = 8699C3782FC8CB8400973FBE /* PBXContainerItemProxy */;
		};
/* End PBXTargetDependency section */

/* Begin XCBuildConfiguration section */
		8699C37F2FC8CB8400973FBE /* Debug */ = {
			isa = XCBuildConfiguration;
			buildSettings = {
				ALWAYS_SEARCH_USER_PATHS = NO;
				ASSETCATALOG_COMPILER_GENERATE_SWIFT_ASSET_SYMBOL_EXTENSIONS = YES;
				CLANG_ANALYZER_NONNULL = YES;
				CLANG_ANALYZER_NUMBER_OBJECT_CONVERSION = YES_AGGRESSIVE;
				CLANG_CXX_LANGUAGE_STANDARD = "gnu++20";
				CLANG_ENABLE_MODULES = YES;
				CLANG_ENABLE_OBJC_ARC = YES;
				CLANG_ENABLE_OBJC_WEAK = YES;
				CLANG_WARN_BLOCK_CAPTURE_AUTORELEASING = YES;
				CLANG_WARN_BOOL_CONVERSION = YES;
				CLANG_WARN_COMMA = YES;
				CLANG_WARN_CONSTANT_CONVERSION = YES;
				CLANG_WARN_DEPRECATED_OBJC_IMPLEMENTATIONS = YES;
				CLANG_WARN_DIRECT_OBJC_ISA_USAGE = YES_ERROR;
				CLANG_WARN_DOCUMENTATION_COMMENTS = YES;
				CLANG_WARN_EMPTY_BODY = YES;
				CLANG_WARN_ENUM_CONVERSION = YES;
				CLANG_WARN_INFINITE_RECURSION = YES;
				CLANG_WARN_INT_CONVERSION = YES;
				CLANG_WARN_NON_LITERAL_NULL_CONVERSION = YES;
				CLANG_WARN_OBJC_IMPLICIT_RETAIN_SELF = YES;
				CLANG_WARN_OBJC_LITERAL_CONVERSION = YES;
				CLANG_WARN_OBJC_ROOT_CLASS = YES_ERROR;
				CLANG_WARN_QUOTED_INCLUDE_IN_FRAMEWORK_HEADER = YES;
				CLANG_WARN_RANGE_LOOP_ANALYSIS = YES;
				CLANG_WARN_STRICT_PROTOTYPES = YES;
				CLANG_WARN_SUSPICIOUS_MOVE = YES;
				CLANG_WARN_UNGUARDED_AVAILABILITY = YES_AGGRESSIVE;
				CLANG_WARN_UNREACHABLE_CODE = YES;
				CLANG_WARN__DUPLICATE_METHOD_MATCH = YES;
				COPY_PHASE_STRIP = NO;
				DEBUG_INFORMATION_FORMAT = dwarf;
				DEVELOPMENT_TEAM = JGHY9S72WQ;
				ENABLE_STRICT_OBJC_MSGSEND = YES;
				ENABLE_TESTABILITY = YES;
				ENABLE_USER_SCRIPT_SANDBOXING = YES;
				GCC_C_LANGUAGE_STANDARD = gnu17;
				GCC_DYNAMIC_NO_PIC = NO;
				GCC_NO_COMMON_BLOCKS = YES;
				GCC_OPTIMIZATION_LEVEL = 0;
				GCC_PREPROCESSOR_DEFINITIONS = (
					"DEBUG=1",
					"$(inherited)",
				);
				GCC_WARN_64_TO_32_BIT_CONVERSION = YES;
				GCC_WARN_ABOUT_RETURN_TYPE = YES_ERROR;
				GCC_WARN_UNDECLARED_SELECTOR = YES;
				GCC_WARN_UNINITIALIZED_AUTOS = YES_AGGRESSIVE;
				GCC_WARN_UNUSED_FUNCTION = YES;
				GCC_WARN_UNUSED_VARIABLE = YES;
				LOCALIZATION_PREFERS_STRING_CATALOGS = YES;
				MACOSX_DEPLOYMENT_TARGET = 26.4;
				MTL_ENABLE_DEBUG_INFO = INCLUDE_SOURCE;
				MTL_FAST_MATH = YES;
				ONLY_ACTIVE_ARCH = YES;
				SDKROOT = macosx;
				SWIFT_ACTIVE_COMPILATION_CONDITIONS = "DEBUG $(inherited)";
				SWIFT_OPTIMIZATION_LEVEL = "-Onone";
			};
			name = Debug;
		};
		8699C3802FC8CB8400973FBE /* Release */ = {
			isa = XCBuildConfiguration;
			buildSettings = {
				ALWAYS_SEARCH_USER_PATHS = NO;
				ASSETCATALOG_COMPILER_GENERATE_SWIFT_ASSET_SYMBOL_EXTENSIONS = YES;
				CLANG_ANALYZER_NONNULL = YES;
				CLANG_ANALYZER_NUMBER_OBJECT_CONVERSION = YES_AGGRESSIVE;
				CLANG_CXX_LANGUAGE_STANDARD = "gnu++20";
				CLANG_ENABLE_MODULES = YES;
				CLANG_ENABLE_OBJC_ARC = YES;
				CLANG_ENABLE_OBJC_WEAK = YES;
				CLANG_WARN_BLOCK_CAPTURE_AUTORELEASING = YES;
				CLANG_WARN_BOOL_CONVERSION = YES;
				CLANG_WARN_COMMA = YES;
				CLANG_WARN_CONSTANT_CONVERSION = YES;
				CLANG_WARN_DEPRECATED_OBJC_IMPLEMENTATIONS = YES;
				CLANG_WARN_DIRECT_OBJC_ISA_USAGE = YES_ERROR;
				CLANG_WARN_DOCUMENTATION_COMMENTS = YES;
				CLANG_WARN_EMPTY_BODY = YES;
				CLANG_WARN_ENUM_CONVERSION = YES;
				CLANG_WARN_INFINITE_RECURSION = YES;
				CLANG_WARN_INT_CONVERSION = YES;
				CLANG_WARN_NON_LITERAL_NULL_CONVERSION = YES;
				CLANG_WARN_OBJC_IMPLICIT_RETAIN_SELF = YES;
				CLANG_WARN_OBJC_LITERAL_CONVERSION = YES;
				CLANG_WARN_OBJC_ROOT_CLASS = YES_ERROR;
				CLANG_WARN_QUOTED_INCLUDE_IN_FRAMEWORK_HEADER = YES;
				CLANG_WARN_RANGE_LOOP_ANALYSIS = YES;
				CLANG_WARN_STRICT_PROTOTYPES = YES;
				CLANG_WARN_SUSPICIOUS_MOVE = YES;
				CLANG_WARN_UNGUARDED_AVAILABILITY = YES_AGGRESSIVE;
				CLANG_WARN_UNREACHABLE_CODE = YES;
				CLANG_WARN__DUPLICATE_METHOD_MATCH = YES;
				COPY_PHASE_STRIP = NO;
				DEBUG_INFORMATION_FORMAT = "dwarf-with-dsym";
				DEVELOPMENT_TEAM = JGHY9S72WQ;
				ENABLE_NS_ASSERTIONS = NO;
				ENABLE_STRICT_OBJC_MSGSEND = YES;
				ENABLE_USER_SCRIPT_SANDBOXING = YES;
				GCC_C_LANGUAGE_STANDARD = gnu17;
				GCC_NO_COMMON_BLOCKS = YES;
				GCC_WARN_64_TO_32_BIT_CONVERSION = YES;
				GCC_WARN_ABOUT_RETURN_TYPE = YES_ERROR;
				GCC_WARN_UNDECLARED_SELECTOR = YES;
				GCC_WARN_UNINITIALIZED_AUTOS = YES_AGGRESSIVE;
				GCC_WARN_UNUSED_FUNCTION = YES;
				GCC_WARN_UNUSED_VARIABLE = YES;
				LOCALIZATION_PREFERS_STRING_CATALOGS = YES;
				MACOSX_DEPLOYMENT_TARGET = 26.4;
				MTL_ENABLE_DEBUG_INFO = NO;
				MTL_FAST_MATH = YES;
				SDKROOT = macosx;
				SWIFT_COMPILATION_MODE = wholemodule;
			};
			name = Release;
		};
		8699C3822FC8CB8400973FBE /* Debug */ = {
			isa = XCBuildConfiguration;
			buildSettings = {
				ASSETCATALOG_COMPILER_APPICON_NAME = AppIcon;
				ASSETCATALOG_COMPILER_GLOBAL_ACCENT_COLOR_NAME = AccentColor;
				"CODE_SIGN_IDENTITY[sdk=macosx*]" = "Apple Development";
				CODE_SIGN_STYLE = Automatic;
				COMBINE_HIDPI_IMAGES = YES;
				CURRENT_PROJECT_VERSION = 3;
				DEVELOPMENT_TEAM = JGHY9S72WQ;
				ENABLE_APP_SANDBOX = YES;
				ENABLE_HARDENED_RUNTIME = YES;
				ENABLE_PREVIEWS = YES;
				ENABLE_USER_SELECTED_FILES = readwrite;
				GENERATE_INFOPLIST_FILE = YES;
				INFOPLIST_KEY_CFBundleDisplayName = RepoStudio;
				INFOPLIST_KEY_LSApplicationCategoryType = "public.app-category.developer-tools";
				INFOPLIST_KEY_NSHumanReadableCopyright = "";
				LD_RUNPATH_SEARCH_PATHS = (
					"$(inherited)",
					"@executable_path/../Frameworks",
				);
				MACOSX_DEPLOYMENT_TARGET = 26.0;
				MARKETING_VERSION = 1.0;
				PRODUCT_BUNDLE_IDENTIFIER = cz.krystofslama.RepoStudio;
				PRODUCT_NAME = "$(TARGET_NAME)";
				REGISTER_APP_GROUPS = YES;
				STRING_CATALOG_GENERATE_SYMBOLS = YES;
				SWIFT_APPROACHABLE_CONCURRENCY = YES;
				SWIFT_DEFAULT_ACTOR_ISOLATION = MainActor;
				SWIFT_EMIT_LOC_STRINGS = YES;
				SWIFT_UPCOMING_FEATURE_MEMBER_IMPORT_VISIBILITY = YES;
				SWIFT_VERSION = 5.0;
			};
			name = Debug;
		};
		8699C3832FC8CB8400973FBE /* Release */ = {
			isa = XCBuildConfiguration;
			buildSettings = {
				ASSETCATALOG_COMPILER_APPICON_NAME = AppIcon;
				ASSETCATALOG_COMPILER_GLOBAL_ACCENT_COLOR_NAME = AccentColor;
				"CODE_SIGN_IDENTITY[sdk=macosx*]" = "Apple Development";
				CODE_SIGN_STYLE = Automatic;
				COMBINE_HIDPI_IMAGES = YES;
				CURRENT_PROJECT_VERSION = 3;
				DEVELOPMENT_TEAM = JGHY9S72WQ;
				ENABLE_APP_SANDBOX = YES;
				ENABLE_HARDENED_RUNTIME = YES;
				ENABLE_PREVIEWS = YES;
				ENABLE_USER_SELECTED_FILES = readwrite;
				GENERATE_INFOPLIST_FILE = YES;
				INFOPLIST_KEY_CFBundleDisplayName = RepoStudio;
				INFOPLIST_KEY_LSApplicationCategoryType = "public.app-category.developer-tools";
				INFOPLIST_KEY_NSHumanReadableCopyright = "";
				LD_RUNPATH_SEARCH_PATHS = (
					"$(inherited)",
					"@executable_path/../Frameworks",
				);
				MACOSX_DEPLOYMENT_TARGET = 26.0;
				MARKETING_VERSION = 1.0;
				PRODUCT_BUNDLE_IDENTIFIER = cz.krystofslama.RepoStudio;
				PRODUCT_NAME = "$(TARGET_NAME)";
				REGISTER_APP_GROUPS = YES;
				STRING_CATALOG_GENERATE_SYMBOLS = YES;
				SWIFT_APPROACHABLE_CONCURRENCY = YES;
				SWIFT_DEFAULT_ACTOR_ISOLATION = MainActor;
				SWIFT_EMIT_LOC_STRINGS = YES;
				SWIFT_UPCOMING_FEATURE_MEMBER_IMPORT_VISIBILITY = YES;
				SWIFT_VERSION = 5.0;
			};
			name = Release;
		};
		8699C3852FC8CB8400973FBE /* Debug */ = {
			isa = XCBuildConfiguration;
			buildSettings = {
				BUNDLE_LOADER = "$(TEST_HOST)";
				CODE_SIGN_STYLE = Automatic;
				CURRENT_PROJECT_VERSION = 1;
				DEVELOPMENT_TEAM = JGHY9S72WQ;
				GENERATE_INFOPLIST_FILE = YES;
				MACOSX_DEPLOYMENT_TARGET = 26.4;
				MARKETING_VERSION = 1.0;
				PRODUCT_BUNDLE_IDENTIFIER = cz.krystofslama.RepoStudioTests;
				PRODUCT_NAME = "$(TARGET_NAME)";
				STRING_CATALOG_GENERATE_SYMBOLS = NO;
				SWIFT_APPROACHABLE_CONCURRENCY = YES;
				SWIFT_EMIT_LOC_STRINGS = NO;
				SWIFT_UPCOMING_FEATURE_MEMBER_IMPORT_VISIBILITY = YES;
				SWIFT_VERSION = 5.0;
				TEST_HOST = "$(BUILT_PRODUCTS_DIR)/RepoStudio.app/$(BUNDLE_EXECUTABLE_FOLDER_PATH)/RepoStudio";
			};
			name = Debug;
		};
		8699C3862FC8CB8400973FBE /* Release */ = {
			isa = XCBuildConfiguration;
			buildSettings = {
				BUNDLE_LOADER = "$(TEST_HOST)";
				CODE_SIGN_STYLE = Automatic;
				CURRENT_PROJECT_VERSION = 1;
				DEVELOPMENT_TEAM = JGHY9S72WQ;
				GENERATE_INFOPLIST_FILE = YES;
				MACOSX_DEPLOYMENT_TARGET = 26.4;
				MARKETING_VERSION = 1.0;
				PRODUCT_BUNDLE_IDENTIFIER = cz.krystofslama.RepoStudioTests;
				PRODUCT_NAME = "$(TARGET_NAME)";
				STRING_CATALOG_GENERATE_SYMBOLS = NO;
				SWIFT_APPROACHABLE_CONCURRENCY = YES;
				SWIFT_EMIT_LOC_STRINGS = NO;
				SWIFT_UPCOMING_FEATURE_MEMBER_IMPORT_VISIBILITY = YES;
				SWIFT_VERSION = 5.0;
				TEST_HOST = "$(BUILT_PRODUCTS_DIR)/RepoStudio.app/$(BUNDLE_EXECUTABLE_FOLDER_PATH)/RepoStudio";
			};
			name = Release;
		};
		8699C3882FC8CB8400973FBE /* Debug */ = {
			isa = XCBuildConfiguration;
			buildSettings = {
				CODE_SIGN_STYLE = Automatic;
				CURRENT_PROJECT_VERSION = 1;
				DEVELOPMENT_TEAM = JGHY9S72WQ;
				GENERATE_INFOPLIST_FILE = YES;
				MARKETING_VERSION = 1.0;
				PRODUCT_BUNDLE_IDENTIFIER = cz.krystofslama.RepoStudioUITests;
				PRODUCT_NAME = "$(TARGET_NAME)";
				STRING_CATALOG_GENERATE_SYMBOLS = NO;
				SWIFT_APPROACHABLE_CONCURRENCY = YES;
				SWIFT_EMIT_LOC_STRINGS = NO;
				SWIFT_UPCOMING_FEATURE_MEMBER_IMPORT_VISIBILITY = YES;
				SWIFT_VERSION = 5.0;
				TEST_TARGET_NAME = RepoStudio;
			};
			name = Debug;
		};
		8699C3892FC8CB8400973FBE /* Release */ = {
			isa = XCBuildConfiguration;
			buildSettings = {
				CODE_SIGN_STYLE = Automatic;
				CURRENT_PROJECT_VERSION = 1;
				DEVELOPMENT_TEAM = JGHY9S72WQ;
				GENERATE_INFOPLIST_FILE = YES;
				MARKETING_VERSION = 1.0;
				PRODUCT_BUNDLE_IDENTIFIER = cz.krystofslama.RepoStudioUITests;
				PRODUCT_NAME = "$(TARGET_NAME)";
				STRING_CATALOG_GENERATE_SYMBOLS = NO;
				SWIFT_APPROACHABLE_CONCURRENCY = YES;
				SWIFT_EMIT_LOC_STRINGS = NO;
				SWIFT_UPCOMING_FEATURE_MEMBER_IMPORT_VISIBILITY = YES;
				SWIFT_VERSION = 5.0;
				TEST_TARGET_NAME = RepoStudio;
			};
			name = Release;
		};
/* End XCBuildConfiguration section */

/* Begin XCConfigurationList section */
		8699C35B2FC8CB8200973FBE /* Build configuration list for PBXProject "RepoStudio" */ = {
			isa = XCConfigurationList;
			buildConfigurations = (
				8699C37F2FC8CB8400973FBE /* Debug */,
				8699C3802FC8CB8400973FBE /* Release */,
			);
			defaultConfigurationIsVisible = 0;
			defaultConfigurationName = Release;
		};
		8699C3812FC8CB8400973FBE /* Build configuration list for PBXNativeTarget "RepoStudio" */ = {
			isa = XCConfigurationList;
			buildConfigurations = (
				8699C3822FC8CB8400973FBE /* Debug */,
				8699C3832FC8CB8400973FBE /* Release */,
			);
			defaultConfigurationIsVisible = 0;
			defaultConfigurationName = Release;
		};
		8699C3842FC8CB8400973FBE /* Build configuration list for PBXNativeTarget "RepoStudioTests" */ = {
			isa = XCConfigurationList;
			buildConfigurations = (
				8699C3852FC8CB8400973FBE /* Debug */,
				8699C3862FC8CB8400973FBE /* Release */,
			);
			defaultConfigurationIsVisible = 0;
			defaultConfigurationName = Release;
		};
		8699C3872FC8CB8400973FBE /* Build configuration list for PBXNativeTarget "RepoStudioUITests" */ = {
			isa = XCConfigurationList;
			buildConfigurations = (
				8699C3882FC8CB8400973FBE /* Debug */,
				8699C3892FC8CB8400973FBE /* Release */,
			);
			defaultConfigurationIsVisible = 0;
			defaultConfigurationName = Release;
		};
/* End XCConfigurationList section */

/* Begin XCRemoteSwiftPackageReference section */
		8699C5A72FCE27E700973FBE /* XCRemoteSwiftPackageReference "textual" */ = {
			isa = XCRemoteSwiftPackageReference;
			repositoryURL = "https://github.com/gonzalezreal/textual";
			requirement = {
				kind = upToNextMajorVersion;
				minimumVersion = 0.3.1;
			};
		};
/* End XCRemoteSwiftPackageReference section */

/* Begin XCSwiftPackageProductDependency section */
		8699C5A92FCE280A00973FBE /* Textual */ = {
			isa = XCSwiftPackageProductDependency;
			package = 8699C5A72FCE27E700973FBE /* XCRemoteSwiftPackageReference "textual" */;
			productName = Textual;
		};
/* End XCSwiftPackageProductDependency section */
	};
	rootObject = 8699C3582FC8CB8200973FBE /* Project object */;
}
